
Microsoft Visual Studio Solution File, Format Version 12.00
# Visual Studio Version 17
VisualStudioVersion = 17.5.33502.453
MinimumVisualStudioVersion = 10.0.40219.1
Project("{FAE04EC0-301F-11D3-BF4B-00C04F79EFBC}") = "KudakwasheStudyGroupPrac2", "KudakwasheStudyGroupPrac2\KudakwasheStudyGroupPrac2.csproj", "{85E8D5FC-139B-4805-8834-3486E08009F1}"
EndProject
Global
	GlobalSection(SolutionConfigurationPlatforms) = preSolution
		Debug|Any CPU = Debug|Any CPU
		Release|Any CPU = Release|Any CPU
	EndGlobalSection
	GlobalSection(ProjectConfigurationPlatforms) = postSolution
		{85E8D5FC-139B-4805-8834-3486E08009F1}.Debug|Any CPU.ActiveCfg = Debug|Any CPU
		{85E8D5FC-139B-4805-8834-3486E08009F1}.Debug|Any CPU.Build.0 = Debug|Any CPU
		{85E8D5FC-139B-4805-8834-3486E08009F1}.Release|Any CPU.ActiveCfg = Release|Any CPU
		{85E8D5FC-139B-4805-8834-3486E08009F1}.Release|Any CPU.Build.0 = Release|Any CPU
	EndGlobalSection
	GlobalSection(SolutionProperties) = preSolution
		HideSolutionNode = FALSE
	EndGlobalSection
	GlobalSection(ExtensibilityGlobals) = postSolution
		SolutionGuid = {DA54B38E-5795-4D2A-BAA6-482771177FBD}
	EndGlobalSection
EndGlobal
